
Microsoft Visual Studio Solution File, Format Version 12.00
# Visual Studio 2013
VisualStudioVersion = 12.0.31101.0
MinimumVisualStudioVersion = 10.0.40219.1
Project("{2150E333-8FDC-42A3-9474-1A3956D46DE8}") = "Engine", "Engine", "{FF36EC88-BAB3-494F-97F4-0CE74193510C}"
EndProject
Project("{2150E333-8FDC-42A3-9474-1A3956D46DE8}") = "Games", "Games", "{DA7C4612-F676-4929-9FD5-4F2C095DDF1B}"
EndProject
Project("{8BC9CEB8-8B4A-11D0-8D11-00A0C91BC942}") = "ProjetoRogue", "Intermediate\ProjectFiles\ProjetoRogue.vcxproj", "{BBD56638-211D-4184-9B25-563D34AEB83B}"
EndProject
Project("{8BC9CEB8-8B4A-11D0-8D11-00A0C91BC942}") = "UE4", "Intermediate\ProjectFiles\UE4.vcxproj", "{E7432EA3-D6A1-4C10-894D-62D171181BEE}"
EndProject
Global
	GlobalSection(SolutionConfigurationPlatforms) = preSolution
		DebugGame Editor|Win32 = DebugGame Editor|Win32
		DebugGame Editor|Win64 = DebugGame Editor|Win64
		DebugGame|Win32 = DebugGame|Win32
		DebugGame|Win64 = DebugGame|Win64
		Development Editor|Win32 = Development Editor|Win32
		Development Editor|Win64 = Development Editor|Win64
		Development|Win32 = Development|Win32
		Development|Win64 = Development|Win64
		Shipping|Win32 = Shipping|Win32
		Shipping|Win64 = Shipping|Win64
	EndGlobalSection
	GlobalSection(ProjectConfigurationPlatforms) = postSolution
		{BBD56638-211D-4184-9B25-563D34AEB83B}.DebugGame Editor|Win32.ActiveCfg = DebugGame_Editor|Win32
		{BBD56638-211D-4184-9B25-563D34AEB83B}.DebugGame Editor|Win32.Build.0 = DebugGame_Editor|Win32
		{BBD56638-211D-4184-9B25-563D34AEB83B}.DebugGame Editor|Win64.ActiveCfg = DebugGame_Editor|x64
		{BBD56638-211D-4184-9B25-563D34AEB83B}.DebugGame Editor|Win64.Build.0 = DebugGame_Editor|x64
		{BBD56638-211D-4184-9B25-563D34AEB83B}.DebugGame|Win32.ActiveCfg = DebugGame_Game|Win32
		{BBD56638-211D-4184-9B25-563D34AEB83B}.DebugGame|Win32.Build.0 = DebugGame_Game|Win32
		{BBD56638-211D-4184-9B25-563D34AEB83B}.DebugGame|Win64.ActiveCfg = DebugGame_Game|x64
		{BBD56638-211D-4184-9B25-563D34AEB83B}.DebugGame|Win64.Build.0 = DebugGame_Game|x64
		{BBD56638-211D-4184-9B25-563D34AEB83B}.Development Editor|Win32.ActiveCfg = Development_Editor|Win32
		{BBD56638-211D-4184-9B25-563D34AEB83B}.Development Editor|Win32.Build.0 = Development_Editor|Win32
		{BBD56638-211D-4184-9B25-563D34AEB83B}.Development Editor|Win64.ActiveCfg = Development_Editor|x64
		{BBD56638-211D-4184-9B25-563D34AEB83B}.Development Editor|Win64.Build.0 = Development_Editor|x64
		{BBD56638-211D-4184-9B25-563D34AEB83B}.Development|Win32.ActiveCfg = Development_Game|Win32
		{BBD56638-211D-4184-9B25-563D34AEB83B}.Development|Win32.Build.0 = Development_Game|Win32
		{BBD56638-211D-4184-9B25-563D34AEB83B}.Development|Win64.ActiveCfg = Development_Game|x64
		{BBD56638-211D-4184-9B25-563D34AEB83B}.Development|Win64.Build.0 = Development_Game|x64
		{BBD56638-211D-4184-9B25-563D34AEB83B}.Shipping|Win32.ActiveCfg = Shipping_Game|Win32
		{BBD56638-211D-4184-9B25-563D34AEB83B}.Shipping|Win32.Build.0 = Shipping_Game|Win32
		{BBD56638-211D-4184-9B25-563D34AEB83B}.Shipping|Win64.ActiveCfg = Shipping_Game|x64
		{BBD56638-211D-4184-9B25-563D34AEB83B}.Shipping|Win64.Build.0 = Shipping_Game|x64
		{E7432EA3-D6A1-4C10-894D-62D171181BEE}.DebugGame Editor|Win32.ActiveCfg = BuiltWithUnrealBuildTool|Win32
		{E7432EA3-D6A1-4C10-894D-62D171181BEE}.DebugGame Editor|Win32.Build.0 = BuiltWithUnrealBuildTool|Win32
		{E7432EA3-D6A1-4C10-894D-62D171181BEE}.DebugGame Editor|Win64.ActiveCfg = BuiltWithUnrealBuildTool|Win32
		{E7432EA3-D6A1-4C10-894D-62D171181BEE}.DebugGame|Win32.ActiveCfg = BuiltWithUnrealBuildTool|Win32
		{E7432EA3-D6A1-4C10-894D-62D171181BEE}.DebugGame|Win32.Build.0 = BuiltWithUnrealBuildTool|Win32
		{E7432EA3-D6A1-4C10-894D-62D171181BEE}.DebugGame|Win64.ActiveCfg = BuiltWithUnrealBuildTool|Win32
		{E7432EA3-D6A1-4C10-894D-62D171181BEE}.Development Editor|Win32.ActiveCfg = BuiltWithUnrealBuildTool|Win32
		{E7432EA3-D6A1-4C10-894D-62D171181BEE}.Development Editor|Win32.Build.0 = BuiltWithUnrealBuildTool|Win32
		{E7432EA3-D6A1-4C10-894D-62D171181BEE}.Development Editor|Win64.ActiveCfg = BuiltWithUnrealBuildTool|Win32
		{E7432EA3-D6A1-4C10-894D-62D171181BEE}.Development|Win32.ActiveCfg = BuiltWithUnrealBuildTool|Win32
		{E7432EA3-D6A1-4C10-894D-62D171181BEE}.Development|Win32.Build.0 = BuiltWithUnrealBuildTool|Win32
		{E7432EA3-D6A1-4C10-894D-62D171181BEE}.Development|Win64.ActiveCfg = BuiltWithUnrealBuildTool|Win32
		{E7432EA3-D6A1-4C10-894D-62D171181BEE}.Shipping|Win32.ActiveCfg = BuiltWithUnrealBuildTool|Win32
		{E7432EA3-D6A1-4C10-894D-62D171181BEE}.Shipping|Win32.Build.0 = BuiltWithUnrealBuildTool|Win32
		{E7432EA3-D6A1-4C10-894D-62D171181BEE}.Shipping|Win64.ActiveCfg = BuiltWithUnrealBuildTool|Win32
	EndGlobalSection
	GlobalSection(SolutionProperties) = preSolution
		HideSolutionNode = FALSE
	EndGlobalSection
	GlobalSection(NestedProjects) = preSolution
		{BBD56638-211D-4184-9B25-563D34AEB83B} = {DA7C4612-F676-4929-9FD5-4F2C095DDF1B}
		{E7432EA3-D6A1-4C10-894D-62D171181BEE} = {FF36EC88-BAB3-494F-97F4-0CE74193510C}
	EndGlobalSection
EndGlobal
