
Microsoft Visual Studio Solution File, Format Version 12.00
# Visual Studio 14
VisualStudioVersion = 14.0.23107.0
MinimumVisualStudioVersion = 10.0.40219.1
Project("{2150E333-8FDC-42A3-9474-1A3956D46DE8}") = "Engine", "Engine", "{982EE833-C40F-475E-8266-C7E3A7BF223F}"
EndProject
Project("{2150E333-8FDC-42A3-9474-1A3956D46DE8}") = "Games", "Games", "{1CD9E0DE-D70E-4B53-9240-361B162FCB5A}"
EndProject
Project("{8BC9CEB8-8B4A-11D0-8D11-00A0C91BC942}") = "UE4", "Intermediate\ProjectFiles\UE4.vcxproj", "{18411116-9528-4E29-B3D8-C39C69DC0092}"
EndProject
Project("{8BC9CEB8-8B4A-11D0-8D11-00A0C91BC942}") = "ProtuX", "Intermediate\ProjectFiles\ProtuX.vcxproj", "{1C642C5B-FC8F-4947-B204-AD95317712A2}"
EndProject
Global
	GlobalSection(SolutionConfigurationPlatforms) = preSolution
		DebugGame Editor|Win32 = DebugGame Editor|Win32
		DebugGame Editor|Win64 = DebugGame Editor|Win64
		DebugGame|Win32 = DebugGame|Win32
		DebugGame|Win64 = DebugGame|Win64
		Development Editor|Win32 = Development Editor|Win32
		Development Editor|Win64 = Development Editor|Win64
		Development|Win32 = Development|Win32
		Development|Win64 = Development|Win64
		Shipping|Win32 = Shipping|Win32
		Shipping|Win64 = Shipping|Win64
	EndGlobalSection
	GlobalSection(ProjectConfigurationPlatforms) = postSolution
		{18411116-9528-4E29-B3D8-C39C69DC0092}.DebugGame Editor|Win32.ActiveCfg = BuiltWithUnrealBuildTool|Win32
		{18411116-9528-4E29-B3D8-C39C69DC0092}.DebugGame Editor|Win32.Build.0 = BuiltWithUnrealBuildTool|Win32
		{18411116-9528-4E29-B3D8-C39C69DC0092}.DebugGame Editor|Win64.ActiveCfg = BuiltWithUnrealBuildTool|Win32
		{18411116-9528-4E29-B3D8-C39C69DC0092}.DebugGame Editor|Win64.Build.0 = BuiltWithUnrealBuildTool|Win32
		{18411116-9528-4E29-B3D8-C39C69DC0092}.DebugGame|Win32.ActiveCfg = BuiltWithUnrealBuildTool|Win32
		{18411116-9528-4E29-B3D8-C39C69DC0092}.DebugGame|Win32.Build.0 = BuiltWithUnrealBuildTool|Win32
		{18411116-9528-4E29-B3D8-C39C69DC0092}.DebugGame|Win64.ActiveCfg = BuiltWithUnrealBuildTool|Win32
		{18411116-9528-4E29-B3D8-C39C69DC0092}.DebugGame|Win64.Build.0 = BuiltWithUnrealBuildTool|Win32
		{18411116-9528-4E29-B3D8-C39C69DC0092}.Development Editor|Win32.ActiveCfg = BuiltWithUnrealBuildTool|Win32
		{18411116-9528-4E29-B3D8-C39C69DC0092}.Development Editor|Win32.Build.0 = BuiltWithUnrealBuildTool|Win32
		{18411116-9528-4E29-B3D8-C39C69DC0092}.Development Editor|Win64.ActiveCfg = BuiltWithUnrealBuildTool|Win32
		{18411116-9528-4E29-B3D8-C39C69DC0092}.Development Editor|Win64.Build.0 = BuiltWithUnrealBuildTool|Win32
		{18411116-9528-4E29-B3D8-C39C69DC0092}.Development|Win32.ActiveCfg = BuiltWithUnrealBuildTool|Win32
		{18411116-9528-4E29-B3D8-C39C69DC0092}.Development|Win32.Build.0 = BuiltWithUnrealBuildTool|Win32
		{18411116-9528-4E29-B3D8-C39C69DC0092}.Development|Win64.ActiveCfg = BuiltWithUnrealBuildTool|Win32
		{18411116-9528-4E29-B3D8-C39C69DC0092}.Development|Win64.Build.0 = BuiltWithUnrealBuildTool|Win32
		{18411116-9528-4E29-B3D8-C39C69DC0092}.Shipping|Win32.ActiveCfg = BuiltWithUnrealBuildTool|Win32
		{18411116-9528-4E29-B3D8-C39C69DC0092}.Shipping|Win32.Build.0 = BuiltWithUnrealBuildTool|Win32
		{18411116-9528-4E29-B3D8-C39C69DC0092}.Shipping|Win64.ActiveCfg = BuiltWithUnrealBuildTool|Win32
		{18411116-9528-4E29-B3D8-C39C69DC0092}.Shipping|Win64.Build.0 = BuiltWithUnrealBuildTool|Win32
		{1C642C5B-FC8F-4947-B204-AD95317712A2}.DebugGame Editor|Win32.ActiveCfg = DebugGame_Editor|Win32
		{1C642C5B-FC8F-4947-B204-AD95317712A2}.DebugGame Editor|Win64.ActiveCfg = DebugGame_Editor|x64
		{1C642C5B-FC8F-4947-B204-AD95317712A2}.DebugGame Editor|Win64.Build.0 = DebugGame_Editor|x64
		{1C642C5B-FC8F-4947-B204-AD95317712A2}.DebugGame|Win32.ActiveCfg = DebugGame_Game|Win32
		{1C642C5B-FC8F-4947-B204-AD95317712A2}.DebugGame|Win32.Build.0 = DebugGame_Game|Win32
		{1C642C5B-FC8F-4947-B204-AD95317712A2}.DebugGame|Win64.ActiveCfg = DebugGame_Game|x64
		{1C642C5B-FC8F-4947-B204-AD95317712A2}.DebugGame|Win64.Build.0 = DebugGame_Game|x64
		{1C642C5B-FC8F-4947-B204-AD95317712A2}.Development Editor|Win32.ActiveCfg = Development_Editor|Win32
		{1C642C5B-FC8F-4947-B204-AD95317712A2}.Development Editor|Win64.ActiveCfg = Development_Editor|x64
		{1C642C5B-FC8F-4947-B204-AD95317712A2}.Development Editor|Win64.Build.0 = Development_Editor|x64
		{1C642C5B-FC8F-4947-B204-AD95317712A2}.Development|Win32.ActiveCfg = Development_Game|Win32
		{1C642C5B-FC8F-4947-B204-AD95317712A2}.Development|Win32.Build.0 = Development_Game|Win32
		{1C642C5B-FC8F-4947-B204-AD95317712A2}.Development|Win64.ActiveCfg = Development_Game|x64
		{1C642C5B-FC8F-4947-B204-AD95317712A2}.Development|Win64.Build.0 = Development_Game|x64
		{1C642C5B-FC8F-4947-B204-AD95317712A2}.Shipping|Win32.ActiveCfg = Shipping_Game|Win32
		{1C642C5B-FC8F-4947-B204-AD95317712A2}.Shipping|Win32.Build.0 = Shipping_Game|Win32
		{1C642C5B-FC8F-4947-B204-AD95317712A2}.Shipping|Win64.ActiveCfg = Shipping_Game|x64
		{1C642C5B-FC8F-4947-B204-AD95317712A2}.Shipping|Win64.Build.0 = Shipping_Game|x64
	EndGlobalSection
	GlobalSection(SolutionProperties) = preSolution
		HideSolutionNode = FALSE
	EndGlobalSection
	GlobalSection(NestedProjects) = preSolution
		{18411116-9528-4E29-B3D8-C39C69DC0092} = {982EE833-C40F-475E-8266-C7E3A7BF223F}
		{1C642C5B-FC8F-4947-B204-AD95317712A2} = {1CD9E0DE-D70E-4B53-9240-361B162FCB5A}
	EndGlobalSection
EndGlobal
