
Microsoft Visual Studio Solution File, Format Version 12.00
# Visual Studio 2013
VisualStudioVersion = 12.0.31101.0
MinimumVisualStudioVersion = 10.0.40219.1
Project("{2150E333-8FDC-42A3-9474-1A3956D46DE8}") = "Engine", "Engine", "{3004D71C-049B-4C8F-9C1D-97206F71090E}"
EndProject
Project("{2150E333-8FDC-42A3-9474-1A3956D46DE8}") = "Games", "Games", "{FA32C3F2-4ECE-4D1D-9B18-E30D6D498A9A}"
EndProject
Project("{8BC9CEB8-8B4A-11D0-8D11-00A0C91BC942}") = "ProjetoRogue", "Intermediate\ProjectFiles\ProjetoRogue.vcxproj", "{BBD56638-211D-4184-9B25-563D34AEB83B}"
EndProject
Project("{8BC9CEB8-8B4A-11D0-8D11-00A0C91BC942}") = "UE4", "Intermediate\ProjectFiles\UE4.vcxproj", "{E7432EA3-D6A1-4C10-894D-62D171181BEE}"
EndProject
Global
	GlobalSection(SolutionConfigurationPlatforms) = preSolution
		DebugGame Editor|Windows = DebugGame Editor|Windows
		DebugGame|Windows = DebugGame|Windows
		Development Editor|Windows = Development Editor|Windows
		Development|Windows = Development|Windows
		Shipping|Windows = Shipping|Windows
	EndGlobalSection
	GlobalSection(ProjectConfigurationPlatforms) = postSolution
		{BBD56638-211D-4184-9B25-563D34AEB83B}.DebugGame Editor|Windows.ActiveCfg = DebugGame_Editor|x64
		{BBD56638-211D-4184-9B25-563D34AEB83B}.DebugGame Editor|Windows.Build.0 = DebugGame_Editor|x64
		{BBD56638-211D-4184-9B25-563D34AEB83B}.DebugGame|Windows.ActiveCfg = DebugGame_Game|x64
		{BBD56638-211D-4184-9B25-563D34AEB83B}.DebugGame|Windows.Build.0 = DebugGame_Game|x64
		{BBD56638-211D-4184-9B25-563D34AEB83B}.Development Editor|Windows.ActiveCfg = Development_Editor|x64
		{BBD56638-211D-4184-9B25-563D34AEB83B}.Development Editor|Windows.Build.0 = Development_Editor|x64
		{BBD56638-211D-4184-9B25-563D34AEB83B}.Development|Windows.ActiveCfg = Development_Game|x64
		{BBD56638-211D-4184-9B25-563D34AEB83B}.Development|Windows.Build.0 = Development_Game|x64
		{BBD56638-211D-4184-9B25-563D34AEB83B}.Shipping|Windows.ActiveCfg = Shipping_Game|Win32
		{BBD56638-211D-4184-9B25-563D34AEB83B}.Shipping|Windows.Build.0 = Shipping_Game|Win32
		{E7432EA3-D6A1-4C10-894D-62D171181BEE}.DebugGame Editor|Windows.ActiveCfg = BuiltWithUnrealBuildTool|Win32
		{E7432EA3-D6A1-4C10-894D-62D171181BEE}.DebugGame|Windows.ActiveCfg = BuiltWithUnrealBuildTool|Win32
		{E7432EA3-D6A1-4C10-894D-62D171181BEE}.Development Editor|Windows.ActiveCfg = BuiltWithUnrealBuildTool|Win32
		{E7432EA3-D6A1-4C10-894D-62D171181BEE}.Development|Windows.ActiveCfg = BuiltWithUnrealBuildTool|Win32
		{E7432EA3-D6A1-4C10-894D-62D171181BEE}.Shipping|Windows.ActiveCfg = BuiltWithUnrealBuildTool|Win32
	EndGlobalSection
	GlobalSection(SolutionProperties) = preSolution
		HideSolutionNode = FALSE
	EndGlobalSection
	GlobalSection(NestedProjects) = preSolution
		{BBD56638-211D-4184-9B25-563D34AEB83B} = {FA32C3F2-4ECE-4D1D-9B18-E30D6D498A9A}
		{E7432EA3-D6A1-4C10-894D-62D171181BEE} = {3004D71C-049B-4C8F-9C1D-97206F71090E}
	EndGlobalSection
EndGlobal
